// !$*UTF8*$!
{
	archiveVersion = 1;
	classes = {
	};
	objectVersion = 56;
	objects = {

/* Begin PBXBuildFile section */
		743970F929AA5A2500B38FCA /* FlickrFinderApp.swift in Sources */ = {isa = PBXBuildFile; fileRef = 743970F829AA5A2500B38FCA /* FlickrFinderApp.swift */; };
		743970FB29AA5A2500B38FCA /* ContentView.swift in Sources */ = {isa = PBXBuildFile; fileRef = 743970FA29AA5A2500B38FCA /* ContentView.swift */; };
		743970FD29AA5A2500B38FCA /* Assets.xcassets in Resources */ = {isa = PBXBuildFile; fileRef = 743970FC29AA5A2500B38FCA /* Assets.xcassets */; };
		7439710129AA5A2500B38FCA /* Preview Assets.xcassets in Resources */ = {isa = PBXBuildFile; fileRef = 7439710029AA5A2500B38FCA /* Preview Assets.xcassets */; };
		7439710B29AA5A2500B38FCA /* FlickrFinderTests.swift in Sources */ = {isa = PBXBuildFile; fileRef = 7439710A29AA5A2500B38FCA /* FlickrFinderTests.swift */; };
		7439711529AA5A2500B38FCA /* FlickrFinderUITests.swift in Sources */ = {isa = PBXBuildFile; fileRef = 7439711429AA5A2500B38FCA /* FlickrFinderUITests.swift */; };
		7439711729AA5A2500B38FCA /* FlickrFinderUITestsLaunchTests.swift in Sources */ = {isa = PBXBuildFile; fileRef = 7439711629AA5A2500B38FCA /* FlickrFinderUITestsLaunchTests.swift */; };
		7439712A29AA5D0E00B38FCA /* Photo.swift in Sources */ = {isa = PBXBuildFile; fileRef = 7439712929AA5D0E00B38FCA /* Photo.swift */; };
		7439712C29AA5E8500B38FCA /* PhotoFeed.swift in Sources */ = {isa = PBXBuildFile; fileRef = 7439712B29AA5E8500B38FCA /* PhotoFeed.swift */; };
		7439712E29AA5F3C00B38FCA /* PhotoFeedResponse.swift in Sources */ = {isa = PBXBuildFile; fileRef = 7439712D29AA5F3B00B38FCA /* PhotoFeedResponse.swift */; };
		7439713129AA604600B38FCA /* PhotoSize.swift in Sources */ = {isa = PBXBuildFile; fileRef = 7439713029AA604600B38FCA /* PhotoSize.swift */; };
		7439713529AA60AF00B38FCA /* Photo+URL.swift in Sources */ = {isa = PBXBuildFile; fileRef = 7439713429AA60AF00B38FCA /* Photo+URL.swift */; };
		7439714029AA637000B38FCA /* Endpoint.swift in Sources */ = {isa = PBXBuildFile; fileRef = 7439713F29AA637000B38FCA /* Endpoint.swift */; };
		7439714929AA67AD00B38FCA /* Method.swift in Sources */ = {isa = PBXBuildFile; fileRef = 7439714829AA67AD00B38FCA /* Method.swift */; };
		7439715029AA691400B38FCA /* NetworkError.swift in Sources */ = {isa = PBXBuildFile; fileRef = 7439714F29AA691400B38FCA /* NetworkError.swift */; };
		7439715529AA69F300B38FCA /* Fetchable.swift in Sources */ = {isa = PBXBuildFile; fileRef = 7439715429AA69F300B38FCA /* Fetchable.swift */; };
		7439715A29AA6DF000B38FCA /* FlickrSearchServicable.swift in Sources */ = {isa = PBXBuildFile; fileRef = 7439715929AA6DF000B38FCA /* FlickrSearchServicable.swift */; };
		7439715C29AA6EB500B38FCA /* FlickrSearchService.swift in Sources */ = {isa = PBXBuildFile; fileRef = 7439715B29AA6EB500B38FCA /* FlickrSearchService.swift */; };
		7439717229AA788B00B38FCA /* Mockable.swift in Sources */ = {isa = PBXBuildFile; fileRef = 7439717129AA788B00B38FCA /* Mockable.swift */; };
		7439717529AA791D00B38FCA /* search_test.json in Resources */ = {isa = PBXBuildFile; fileRef = 7439717429AA791D00B38FCA /* search_test.json */; };
		7439717829AA79B700B38FCA /* FlickrSearchMockService.swift in Sources */ = {isa = PBXBuildFile; fileRef = 7439717729AA79B700B38FCA /* FlickrSearchMockService.swift */; };
		7439717C29AA85CF00B38FCA /* ListViewModel.swift in Sources */ = {isa = PBXBuildFile; fileRef = 7439717B29AA85CF00B38FCA /* ListViewModel.swift */; };
		7439718229AA8C0B00B38FCA /* Constants.swift in Sources */ = {isa = PBXBuildFile; fileRef = 7439718129AA8C0B00B38FCA /* Constants.swift */; };
/* End PBXBuildFile section */

/* Begin PBXContainerItemProxy section */
		7439710729AA5A2500B38FCA /* PBXContainerItemProxy */ = {
			isa = PBXContainerItemProxy;
			containerPortal = 743970ED29AA5A2500B38FCA /* Project object */;
			proxyType = 1;
			remoteGlobalIDString = 743970F429AA5A2500B38FCA;
			remoteInfo = FlickrFinder;
		};
		7439711129AA5A2500B38FCA /* PBXContainerItemProxy */ = {
			isa = PBXContainerItemProxy;
			containerPortal = 743970ED29AA5A2500B38FCA /* Project object */;
			proxyType = 1;
			remoteGlobalIDString = 743970F429AA5A2500B38FCA;
			remoteInfo = FlickrFinder;
		};
/* End PBXContainerItemProxy section */

/* Begin PBXFileReference section */
		743970F529AA5A2500B38FCA /* FlickrFinder.app */ = {isa = PBXFileReference; explicitFileType = wrapper.application; includeInIndex = 0; path = FlickrFinder.app; sourceTree = BUILT_PRODUCTS_DIR; };
		743970F829AA5A2500B38FCA /* FlickrFinderApp.swift */ = {isa = PBXFileReference; lastKnownFileType = sourcecode.swift; path = FlickrFinderApp.swift; sourceTree = "<group>"; };
		743970FA29AA5A2500B38FCA /* ContentView.swift */ = {isa = PBXFileReference; lastKnownFileType = sourcecode.swift; path = ContentView.swift; sourceTree = "<group>"; };
		743970FC29AA5A2500B38FCA /* Assets.xcassets */ = {isa = PBXFileReference; lastKnownFileType = folder.assetcatalog; path = Assets.xcassets; sourceTree = "<group>"; };
		743970FE29AA5A2500B38FCA /* FlickrFinder.entitlements */ = {isa = PBXFileReference; lastKnownFileType = text.plist.entitlements; path = FlickrFinder.entitlements; sourceTree = "<group>"; };
		7439710029AA5A2500B38FCA /* Preview Assets.xcassets */ = {isa = PBXFileReference; lastKnownFileType = folder.assetcatalog; path = "Preview Assets.xcassets"; sourceTree = "<group>"; };
		7439710629AA5A2500B38FCA /* FlickrFinderTests.xctest */ = {isa = PBXFileReference; explicitFileType = wrapper.cfbundle; includeInIndex = 0; path = FlickrFinderTests.xctest; sourceTree = BUILT_PRODUCTS_DIR; };
		7439710A29AA5A2500B38FCA /* FlickrFinderTests.swift */ = {isa = PBXFileReference; lastKnownFileType = sourcecode.swift; path = FlickrFinderTests.swift; sourceTree = "<group>"; };
		7439711029AA5A2500B38FCA /* FlickrFinderUITests.xctest */ = {isa = PBXFileReference; explicitFileType = wrapper.cfbundle; includeInIndex = 0; path = FlickrFinderUITests.xctest; sourceTree = BUILT_PRODUCTS_DIR; };
		7439711429AA5A2500B38FCA /* FlickrFinderUITests.swift */ = {isa = PBXFileReference; lastKnownFileType = sourcecode.swift; path = FlickrFinderUITests.swift; sourceTree = "<group>"; };
		7439711629AA5A2500B38FCA /* FlickrFinderUITestsLaunchTests.swift */ = {isa = PBXFileReference; lastKnownFileType = sourcecode.swift; path = FlickrFinderUITestsLaunchTests.swift; sourceTree = "<group>"; };
		7439712929AA5D0E00B38FCA /* Photo.swift */ = {isa = PBXFileReference; lastKnownFileType = sourcecode.swift; path = Photo.swift; sourceTree = "<group>"; };
		7439712B29AA5E8500B38FCA /* PhotoFeed.swift */ = {isa = PBXFileReference; lastKnownFileType = sourcecode.swift; path = PhotoFeed.swift; sourceTree = "<group>"; };
		7439712D29AA5F3B00B38FCA /* PhotoFeedResponse.swift */ = {isa = PBXFileReference; lastKnownFileType = sourcecode.swift; path = PhotoFeedResponse.swift; sourceTree = "<group>"; };
		7439713029AA604600B38FCA /* PhotoSize.swift */ = {isa = PBXFileReference; lastKnownFileType = sourcecode.swift; path = PhotoSize.swift; sourceTree = "<group>"; };
		7439713429AA60AF00B38FCA /* Photo+URL.swift */ = {isa = PBXFileReference; lastKnownFileType = sourcecode.swift; path = "Photo+URL.swift"; sourceTree = "<group>"; };
		7439713F29AA637000B38FCA /* Endpoint.swift */ = {isa = PBXFileReference; lastKnownFileType = sourcecode.swift; path = Endpoint.swift; sourceTree = "<group>"; };
		7439714829AA67AD00B38FCA /* Method.swift */ = {isa = PBXFileReference; fileEncoding = 4; lastKnownFileType = sourcecode.swift; path = Method.swift; sourceTree = "<group>"; };
		7439714F29AA691400B38FCA /* NetworkError.swift */ = {isa = PBXFileReference; lastKnownFileType = sourcecode.swift; path = NetworkError.swift; sourceTree = "<group>"; };
		7439715429AA69F300B38FCA /* Fetchable.swift */ = {isa = PBXFileReference; lastKnownFileType = sourcecode.swift; path = Fetchable.swift; sourceTree = "<group>"; };
		7439715929AA6DF000B38FCA /* FlickrSearchServicable.swift */ = {isa = PBXFileReference; lastKnownFileType = sourcecode.swift; path = FlickrSearchServicable.swift; sourceTree = "<group>"; };
		7439715B29AA6EB500B38FCA /* FlickrSearchService.swift */ = {isa = PBXFileReference; lastKnownFileType = sourcecode.swift; path = FlickrSearchService.swift; sourceTree = "<group>"; };
		7439717129AA788B00B38FCA /* Mockable.swift */ = {isa = PBXFileReference; lastKnownFileType = sourcecode.swift; path = Mockable.swift; sourceTree = "<group>"; };
		7439717429AA791D00B38FCA /* search_test.json */ = {isa = PBXFileReference; fileEncoding = 4; lastKnownFileType = text.json; path = search_test.json; sourceTree = "<group>"; };
		7439717729AA79B700B38FCA /* FlickrSearchMockService.swift */ = {isa = PBXFileReference; lastKnownFileType = sourcecode.swift; path = FlickrSearchMockService.swift; sourceTree = "<group>"; };
		7439717B29AA85CF00B38FCA /* ListViewModel.swift */ = {isa = PBXFileReference; lastKnownFileType = sourcecode.swift; path = ListViewModel.swift; sourceTree = "<group>"; };
		7439718129AA8C0B00B38FCA /* Constants.swift */ = {isa = PBXFileReference; lastKnownFileType = sourcecode.swift; path = Constants.swift; sourceTree = "<group>"; };
/* End PBXFileReference section */

/* Begin PBXFrameworksBuildPhase section */
		743970F229AA5A2500B38FCA /* Frameworks */ = {
			isa = PBXFrameworksBuildPhase;
			buildActionMask = 2147483647;
			files = (
			);
			runOnlyForDeploymentPostprocessing = 0;
		};
		7439710329AA5A2500B38FCA /* Frameworks */ = {
			isa = PBXFrameworksBuildPhase;
			buildActionMask = 2147483647;
			files = (
			);
			runOnlyForDeploymentPostprocessing = 0;
		};
		7439710D29AA5A2500B38FCA /* Frameworks */ = {
			isa = PBXFrameworksBuildPhase;
			buildActionMask = 2147483647;
			files = (
			);
			runOnlyForDeploymentPostprocessing = 0;
		};
/* End PBXFrameworksBuildPhase section */

/* Begin PBXGroup section */
		743970EC29AA5A2500B38FCA = {
			isa = PBXGroup;
			children = (
				743970F729AA5A2500B38FCA /* FlickrFinder */,
				7439710929AA5A2500B38FCA /* FlickrFinderTests */,
				7439711329AA5A2500B38FCA /* FlickrFinderUITests */,
				743970F629AA5A2500B38FCA /* Products */,
			);
			sourceTree = "<group>";
		};
		743970F629AA5A2500B38FCA /* Products */ = {
			isa = PBXGroup;
			children = (
				743970F529AA5A2500B38FCA /* FlickrFinder.app */,
				7439710629AA5A2500B38FCA /* FlickrFinderTests.xctest */,
				7439711029AA5A2500B38FCA /* FlickrFinderUITests.xctest */,
			);
			name = Products;
			sourceTree = "<group>";
		};
		743970F729AA5A2500B38FCA /* FlickrFinder */ = {
			isa = PBXGroup;
			children = (
				7439718029AA8BE100B38FCA /* Constants */,
				7439712329AA5B1600B38FCA /* App */,
				743970FA29AA5A2500B38FCA /* ContentView.swift */,
				7439713229AA607500B38FCA /* Helpers */,
				7439712829AA5CBA00B38FCA /* Models */,
				743970FF29AA5A2500B38FCA /* Preview Content */,
				7439712429AA5B2700B38FCA /* Resources */,
				7439712529AA5C5900B38FCA /* Scenes */,
				7439713729AA629B00B38FCA /* Services */,
			);
			path = FlickrFinder;
			sourceTree = "<group>";
		};
		743970FF29AA5A2500B38FCA /* Preview Content */ = {
			isa = PBXGroup;
			children = (
				7439710029AA5A2500B38FCA /* Preview Assets.xcassets */,
			);
			path = "Preview Content";
			sourceTree = "<group>";
		};
		7439710929AA5A2500B38FCA /* FlickrFinderTests */ = {
			isa = PBXGroup;
			children = (
				7439717029AA787600B38FCA /* Mock */,
				7439710A29AA5A2500B38FCA /* FlickrFinderTests.swift */,
			);
			path = FlickrFinderTests;
			sourceTree = "<group>";
		};
		7439711329AA5A2500B38FCA /* FlickrFinderUITests */ = {
			isa = PBXGroup;
			children = (
				7439711429AA5A2500B38FCA /* FlickrFinderUITests.swift */,
				7439711629AA5A2500B38FCA /* FlickrFinderUITestsLaunchTests.swift */,
			);
			path = FlickrFinderUITests;
			sourceTree = "<group>";
		};
		7439712329AA5B1600B38FCA /* App */ = {
			isa = PBXGroup;
			children = (
				743970F829AA5A2500B38FCA /* FlickrFinderApp.swift */,
			);
			path = App;
			sourceTree = "<group>";
		};
		7439712429AA5B2700B38FCA /* Resources */ = {
			isa = PBXGroup;
			children = (
				743970FC29AA5A2500B38FCA /* Assets.xcassets */,
				743970FE29AA5A2500B38FCA /* FlickrFinder.entitlements */,
			);
			path = Resources;
			sourceTree = "<group>";
		};
		7439712529AA5C5900B38FCA /* Scenes */ = {
			isa = PBXGroup;
			children = (
				7439712729AA5C7200B38FCA /* Detail */,
				7439712629AA5C6A00B38FCA /* List */,
			);
			path = Scenes;
			sourceTree = "<group>";
		};
		7439712629AA5C6A00B38FCA /* List */ = {
			isa = PBXGroup;
			children = (
				7439717A29AA858A00B38FCA /* ViewModels */,
				7439717929AA858100B38FCA /* Views */,
			);
			path = List;
			sourceTree = "<group>";
		};
		7439712729AA5C7200B38FCA /* Detail */ = {
			isa = PBXGroup;
			children = (
			);
			path = Detail;
			sourceTree = "<group>";
		};
		7439712829AA5CBA00B38FCA /* Models */ = {
			isa = PBXGroup;
			children = (
				7439712929AA5D0E00B38FCA /* Photo.swift */,
				7439712B29AA5E8500B38FCA /* PhotoFeed.swift */,
				7439712D29AA5F3B00B38FCA /* PhotoFeedResponse.swift */,
				7439713029AA604600B38FCA /* PhotoSize.swift */,
			);
			path = Models;
			sourceTree = "<group>";
		};
		7439713229AA607500B38FCA /* Helpers */ = {
			isa = PBXGroup;
			children = (
				7439713329AA608200B38FCA /* Extensions */,
			);
			path = Helpers;
			sourceTree = "<group>";
		};
		7439713329AA608200B38FCA /* Extensions */ = {
			isa = PBXGroup;
			children = (
				7439713629AA60B700B38FCA /* Models */,
			);
			path = Extensions;
			sourceTree = "<group>";
		};
		7439713629AA60B700B38FCA /* Models */ = {
			isa = PBXGroup;
			children = (
				7439713429AA60AF00B38FCA /* Photo+URL.swift */,
			);
			path = Models;
			sourceTree = "<group>";
		};
		7439713729AA629B00B38FCA /* Services */ = {
			isa = PBXGroup;
			children = (
				7439713829AA62A900B38FCA /* Network */,
			);
			path = Services;
			sourceTree = "<group>";
		};
		7439713829AA62A900B38FCA /* Network */ = {
			isa = PBXGroup;
			children = (
				7439715129AA69A500B38FCA /* Client */,
				7439713C29AA631900B38FCA /* Endpoint */,
				7439714E29AA68F700B38FCA /* Error */,
				7439715D29AA6EC700B38FCA /* FlickrSearch */,
				7439714729AA67AD00B38FCA /* Method */,
			);
			path = Network;
			sourceTree = "<group>";
		};
		7439713C29AA631900B38FCA /* Endpoint */ = {
			isa = PBXGroup;
			children = (
				7439713F29AA637000B38FCA /* Endpoint.swift */,
			);
			path = Endpoint;
			sourceTree = "<group>";
		};
		7439714729AA67AD00B38FCA /* Method */ = {
			isa = PBXGroup;
			children = (
				7439714829AA67AD00B38FCA /* Method.swift */,
			);
			path = Method;
			sourceTree = "<group>";
		};
		7439714E29AA68F700B38FCA /* Error */ = {
			isa = PBXGroup;
			children = (
				7439714F29AA691400B38FCA /* NetworkError.swift */,
			);
			name = Error;
			path = FlickrFinder/Services/Network/Error;
			sourceTree = SOURCE_ROOT;
		};
		7439715129AA69A500B38FCA /* Client */ = {
			isa = PBXGroup;
			children = (
				7439715429AA69F300B38FCA /* Fetchable.swift */,
			);
			path = Client;
			sourceTree = "<group>";
		};
		7439715D29AA6EC700B38FCA /* FlickrSearch */ = {
			isa = PBXGroup;
			children = (
				7439715929AA6DF000B38FCA /* FlickrSearchServicable.swift */,
				7439715B29AA6EB500B38FCA /* FlickrSearchService.swift */,
			);
			path = FlickrSearch;
			sourceTree = "<group>";
		};
		7439717029AA787600B38FCA /* Mock */ = {
			isa = PBXGroup;
			children = (
				7439717329AA791400B38FCA /* JSON */,
				7439717129AA788B00B38FCA /* Mockable.swift */,
				7439717629AA798000B38FCA /* Services */,
			);
			path = Mock;
			sourceTree = "<group>";
		};
		7439717329AA791400B38FCA /* JSON */ = {
			isa = PBXGroup;
			children = (
				7439717429AA791D00B38FCA /* search_test.json */,
			);
			path = JSON;
			sourceTree = "<group>";
		};
		7439717629AA798000B38FCA /* Services */ = {
			isa = PBXGroup;
			children = (
				7439717729AA79B700B38FCA /* FlickrSearchMockService.swift */,
			);
			path = Services;
			sourceTree = "<group>";
		};
		7439717929AA858100B38FCA /* Views */ = {
			isa = PBXGroup;
			children = (
			);
			path = Views;
			sourceTree = "<group>";
		};
		7439717A29AA858A00B38FCA /* ViewModels */ = {
			isa = PBXGroup;
			children = (
				7439717B29AA85CF00B38FCA /* ListViewModel.swift */,
			);
			path = ViewModels;
			sourceTree = "<group>";
		};
		7439718029AA8BE100B38FCA /* Constants */ = {
			isa = PBXGroup;
			children = (
				7439718129AA8C0B00B38FCA /* Constants.swift */,
			);
			path = Constants;
			sourceTree = "<group>";
		};
/* End PBXGroup section */

/* Begin PBXNativeTarget section */
		743970F429AA5A2500B38FCA /* FlickrFinder */ = {
			isa = PBXNativeTarget;
			buildConfigurationList = 7439711A29AA5A2500B38FCA /* Build configuration list for PBXNativeTarget "FlickrFinder" */;
			buildPhases = (
				743970F129AA5A2500B38FCA /* Sources */,
				743970F229AA5A2500B38FCA /* Frameworks */,
				743970F329AA5A2500B38FCA /* Resources */,
			);
			buildRules = (
			);
			dependencies = (
			);
			name = FlickrFinder;
			productName = FlickrFinder;
			productReference = 743970F529AA5A2500B38FCA /* FlickrFinder.app */;
			productType = "com.apple.product-type.application";
		};
		7439710529AA5A2500B38FCA /* FlickrFinderTests */ = {
			isa = PBXNativeTarget;
			buildConfigurationList = 7439711D29AA5A2500B38FCA /* Build configuration list for PBXNativeTarget "FlickrFinderTests" */;
			buildPhases = (
				7439710229AA5A2500B38FCA /* Sources */,
				7439710329AA5A2500B38FCA /* Frameworks */,
				7439710429AA5A2500B38FCA /* Resources */,
			);
			buildRules = (
			);
			dependencies = (
				7439710829AA5A2500B38FCA /* PBXTargetDependency */,
			);
			name = FlickrFinderTests;
			productName = FlickrFinderTests;
			productReference = 7439710629AA5A2500B38FCA /* FlickrFinderTests.xctest */;
			productType = "com.apple.product-type.bundle.unit-test";
		};
		7439710F29AA5A2500B38FCA /* FlickrFinderUITests */ = {
			isa = PBXNativeTarget;
			buildConfigurationList = 7439712029AA5A2500B38FCA /* Build configuration list for PBXNativeTarget "FlickrFinderUITests" */;
			buildPhases = (
				7439710C29AA5A2500B38FCA /* Sources */,
				7439710D29AA5A2500B38FCA /* Frameworks */,
				7439710E29AA5A2500B38FCA /* Resources */,
			);
			buildRules = (
			);
			dependencies = (
				7439711229AA5A2500B38FCA /* PBXTargetDependency */,
			);
			name = FlickrFinderUITests;
			productName = FlickrFinderUITests;
			productReference = 7439711029AA5A2500B38FCA /* FlickrFinderUITests.xctest */;
			productType = "com.apple.product-type.bundle.ui-testing";
		};
/* End PBXNativeTarget section */

/* Begin PBXProject section */
		743970ED29AA5A2500B38FCA /* Project object */ = {
			isa = PBXProject;
			attributes = {
				BuildIndependentTargetsInParallel = 1;
				LastSwiftUpdateCheck = 1420;
				LastUpgradeCheck = 1420;
				TargetAttributes = {
					743970F429AA5A2500B38FCA = {
						CreatedOnToolsVersion = 14.2;
					};
					7439710529AA5A2500B38FCA = {
						CreatedOnToolsVersion = 14.2;
						TestTargetID = 743970F429AA5A2500B38FCA;
					};
					7439710F29AA5A2500B38FCA = {
						CreatedOnToolsVersion = 14.2;
						TestTargetID = 743970F429AA5A2500B38FCA;
					};
				};
			};
			buildConfigurationList = 743970F029AA5A2500B38FCA /* Build configuration list for PBXProject "FlickrFinder" */;
			compatibilityVersion = "Xcode 14.0";
			developmentRegion = en;
			hasScannedForEncodings = 0;
			knownRegions = (
				en,
				Base,
			);
			mainGroup = 743970EC29AA5A2500B38FCA;
			productRefGroup = 743970F629AA5A2500B38FCA /* Products */;
			projectDirPath = "";
			projectRoot = "";
			targets = (
				743970F429AA5A2500B38FCA /* FlickrFinder */,
				7439710529AA5A2500B38FCA /* FlickrFinderTests */,
				7439710F29AA5A2500B38FCA /* FlickrFinderUITests */,
			);
		};
/* End PBXProject section */

/* Begin PBXResourcesBuildPhase section */
		743970F329AA5A2500B38FCA /* Resources */ = {
			isa = PBXResourcesBuildPhase;
			buildActionMask = 2147483647;
			files = (
				7439710129AA5A2500B38FCA /* Preview Assets.xcassets in Resources */,
				743970FD29AA5A2500B38FCA /* Assets.xcassets in Resources */,
			);
			runOnlyForDeploymentPostprocessing = 0;
		};
		7439710429AA5A2500B38FCA /* Resources */ = {
			isa = PBXResourcesBuildPhase;
			buildActionMask = 2147483647;
			files = (
				7439717529AA791D00B38FCA /* search_test.json in Resources */,
			);
			runOnlyForDeploymentPostprocessing = 0;
		};
		7439710E29AA5A2500B38FCA /* Resources */ = {
			isa = PBXResourcesBuildPhase;
			buildActionMask = 2147483647;
			files = (
			);
			runOnlyForDeploymentPostprocessing = 0;
		};
/* End PBXResourcesBuildPhase section */

/* Begin PBXSourcesBuildPhase section */
		743970F129AA5A2500B38FCA /* Sources */ = {
			isa = PBXSourcesBuildPhase;
			buildActionMask = 2147483647;
			files = (
				7439713529AA60AF00B38FCA /* Photo+URL.swift in Sources */,
				7439715C29AA6EB500B38FCA /* FlickrSearchService.swift in Sources */,
				7439717C29AA85CF00B38FCA /* ListViewModel.swift in Sources */,
				7439712E29AA5F3C00B38FCA /* PhotoFeedResponse.swift in Sources */,
				7439714029AA637000B38FCA /* Endpoint.swift in Sources */,
				7439718229AA8C0B00B38FCA /* Constants.swift in Sources */,
				7439712C29AA5E8500B38FCA /* PhotoFeed.swift in Sources */,
				7439712A29AA5D0E00B38FCA /* Photo.swift in Sources */,
				7439715529AA69F300B38FCA /* Fetchable.swift in Sources */,
				7439713129AA604600B38FCA /* PhotoSize.swift in Sources */,
				743970FB29AA5A2500B38FCA /* ContentView.swift in Sources */,
				7439715A29AA6DF000B38FCA /* FlickrSearchServicable.swift in Sources */,
				743970F929AA5A2500B38FCA /* FlickrFinderApp.swift in Sources */,
				7439714929AA67AD00B38FCA /* Method.swift in Sources */,
				7439715029AA691400B38FCA /* NetworkError.swift in Sources */,
			);
			runOnlyForDeploymentPostprocessing = 0;
		};
		7439710229AA5A2500B38FCA /* Sources */ = {
			isa = PBXSourcesBuildPhase;
			buildActionMask = 2147483647;
			files = (
				7439710B29AA5A2500B38FCA /* FlickrFinderTests.swift in Sources */,
				7439717229AA788B00B38FCA /* Mockable.swift in Sources */,
				7439717829AA79B700B38FCA /* FlickrSearchMockService.swift in Sources */,
			);
			runOnlyForDeploymentPostprocessing = 0;
		};
		7439710C29AA5A2500B38FCA /* Sources */ = {
			isa = PBXSourcesBuildPhase;
			buildActionMask = 2147483647;
			files = (
				7439711529AA5A2500B38FCA /* FlickrFinderUITests.swift in Sources */,
				7439711729AA5A2500B38FCA /* FlickrFinderUITestsLaunchTests.swift in Sources */,
			);
			runOnlyForDeploymentPostprocessing = 0;
		};
/* End PBXSourcesBuildPhase section */

/* Begin PBXTargetDependency section */
		7439710829AA5A2500B38FCA /* PBXTargetDependency */ = {
			isa = PBXTargetDependency;
			target = 743970F429AA5A2500B38FCA /* FlickrFinder */;
			targetProxy = 7439710729AA5A2500B38FCA /* PBXContainerItemProxy */;
		};
		7439711229AA5A2500B38FCA /* PBXTargetDependency */ = {
			isa = PBXTargetDependency;
			target = 743970F429AA5A2500B38FCA /* FlickrFinder */;
			targetProxy = 7439711129AA5A2500B38FCA /* PBXContainerItemProxy */;
		};
/* End PBXTargetDependency section */

/* Begin XCBuildConfiguration section */
		7439711829AA5A2500B38FCA /* Debug */ = {
			isa = XCBuildConfiguration;
			buildSettings = {
				ALWAYS_SEARCH_USER_PATHS = NO;
				CLANG_ANALYZER_NONNULL = YES;
				CLANG_ANALYZER_NUMBER_OBJECT_CONVERSION = YES_AGGRESSIVE;
				CLANG_CXX_LANGUAGE_STANDARD = "gnu++20";
				CLANG_ENABLE_MODULES = YES;
				CLANG_ENABLE_OBJC_ARC = YES;
				CLANG_ENABLE_OBJC_WEAK = YES;
				CLANG_WARN_BLOCK_CAPTURE_AUTORELEASING = YES;
				CLANG_WARN_BOOL_CONVERSION = YES;
				CLANG_WARN_COMMA = YES;
				CLANG_WARN_CONSTANT_CONVERSION = YES;
				CLANG_WARN_DEPRECATED_OBJC_IMPLEMENTATIONS = YES;
				CLANG_WARN_DIRECT_OBJC_ISA_USAGE = YES_ERROR;
				CLANG_WARN_DOCUMENTATION_COMMENTS = YES;
				CLANG_WARN_EMPTY_BODY = YES;
				CLANG_WARN_ENUM_CONVERSION = YES;
				CLANG_WARN_INFINITE_RECURSION = YES;
				CLANG_WARN_INT_CONVERSION = YES;
				CLANG_WARN_NON_LITERAL_NULL_CONVERSION = YES;
				CLANG_WARN_OBJC_IMPLICIT_RETAIN_SELF = YES;
				CLANG_WARN_OBJC_LITERAL_CONVERSION = YES;
				CLANG_WARN_OBJC_ROOT_CLASS = YES_ERROR;
				CLANG_WARN_QUOTED_INCLUDE_IN_FRAMEWORK_HEADER = YES;
				CLANG_WARN_RANGE_LOOP_ANALYSIS = YES;
				CLANG_WARN_STRICT_PROTOTYPES = YES;
				CLANG_WARN_SUSPICIOUS_MOVE = YES;
				CLANG_WARN_UNGUARDED_AVAILABILITY = YES_AGGRESSIVE;
				CLANG_WARN_UNREACHABLE_CODE = YES;
				CLANG_WARN__DUPLICATE_METHOD_MATCH = YES;
				COPY_PHASE_STRIP = NO;
				DEBUG_INFORMATION_FORMAT = dwarf;
				ENABLE_STRICT_OBJC_MSGSEND = YES;
				ENABLE_TESTABILITY = YES;
				GCC_C_LANGUAGE_STANDARD = gnu11;
				GCC_DYNAMIC_NO_PIC = NO;
				GCC_NO_COMMON_BLOCKS = YES;
				GCC_OPTIMIZATION_LEVEL = 0;
				GCC_PREPROCESSOR_DEFINITIONS = (
					"DEBUG=1",
					"$(inherited)",
				);
				GCC_WARN_64_TO_32_BIT_CONVERSION = YES;
				GCC_WARN_ABOUT_RETURN_TYPE = YES_ERROR;
				GCC_WARN_UNDECLARED_SELECTOR = YES;
				GCC_WARN_UNINITIALIZED_AUTOS = YES_AGGRESSIVE;
				GCC_WARN_UNUSED_FUNCTION = YES;
				GCC_WARN_UNUSED_VARIABLE = YES;
				MTL_ENABLE_DEBUG_INFO = INCLUDE_SOURCE;
				MTL_FAST_MATH = YES;
				ONLY_ACTIVE_ARCH = YES;
				SWIFT_ACTIVE_COMPILATION_CONDITIONS = DEBUG;
				SWIFT_OPTIMIZATION_LEVEL = "-Onone";
			};
			name = Debug;
		};
		7439711929AA5A2500B38FCA /* Release */ = {
			isa = XCBuildConfiguration;
			buildSettings = {
				ALWAYS_SEARCH_USER_PATHS = NO;
				CLANG_ANALYZER_NONNULL = YES;
				CLANG_ANALYZER_NUMBER_OBJECT_CONVERSION = YES_AGGRESSIVE;
				CLANG_CXX_LANGUAGE_STANDARD = "gnu++20";
				CLANG_ENABLE_MODULES = YES;
				CLANG_ENABLE_OBJC_ARC = YES;
				CLANG_ENABLE_OBJC_WEAK = YES;
				CLANG_WARN_BLOCK_CAPTURE_AUTORELEASING = YES;
				CLANG_WARN_BOOL_CONVERSION = YES;
				CLANG_WARN_COMMA = YES;
				CLANG_WARN_CONSTANT_CONVERSION = YES;
				CLANG_WARN_DEPRECATED_OBJC_IMPLEMENTATIONS = YES;
				CLANG_WARN_DIRECT_OBJC_ISA_USAGE = YES_ERROR;
				CLANG_WARN_DOCUMENTATION_COMMENTS = YES;
				CLANG_WARN_EMPTY_BODY = YES;
				CLANG_WARN_ENUM_CONVERSION = YES;
				CLANG_WARN_INFINITE_RECURSION = YES;
				CLANG_WARN_INT_CONVERSION = YES;
				CLANG_WARN_NON_LITERAL_NULL_CONVERSION = YES;
				CLANG_WARN_OBJC_IMPLICIT_RETAIN_SELF = YES;
				CLANG_WARN_OBJC_LITERAL_CONVERSION = YES;
				CLANG_WARN_OBJC_ROOT_CLASS = YES_ERROR;
				CLANG_WARN_QUOTED_INCLUDE_IN_FRAMEWORK_HEADER = YES;
				CLANG_WARN_RANGE_LOOP_ANALYSIS = YES;
				CLANG_WARN_STRICT_PROTOTYPES = YES;
				CLANG_WARN_SUSPICIOUS_MOVE = YES;
				CLANG_WARN_UNGUARDED_AVAILABILITY = YES_AGGRESSIVE;
				CLANG_WARN_UNREACHABLE_CODE = YES;
				CLANG_WARN__DUPLICATE_METHOD_MATCH = YES;
				COPY_PHASE_STRIP = NO;
				DEBUG_INFORMATION_FORMAT = "dwarf-with-dsym";
				ENABLE_NS_ASSERTIONS = NO;
				ENABLE_STRICT_OBJC_MSGSEND = YES;
				GCC_C_LANGUAGE_STANDARD = gnu11;
				GCC_NO_COMMON_BLOCKS = YES;
				GCC_WARN_64_TO_32_BIT_CONVERSION = YES;
				GCC_WARN_ABOUT_RETURN_TYPE = YES_ERROR;
				GCC_WARN_UNDECLARED_SELECTOR = YES;
				GCC_WARN_UNINITIALIZED_AUTOS = YES_AGGRESSIVE;
				GCC_WARN_UNUSED_FUNCTION = YES;
				GCC_WARN_UNUSED_VARIABLE = YES;
				MTL_ENABLE_DEBUG_INFO = NO;
				MTL_FAST_MATH = YES;
				SWIFT_COMPILATION_MODE = wholemodule;
				SWIFT_OPTIMIZATION_LEVEL = "-O";
			};
			name = Release;
		};
		7439711B29AA5A2500B38FCA /* Debug */ = {
			isa = XCBuildConfiguration;
			buildSettings = {
				ASSETCATALOG_COMPILER_APPICON_NAME = AppIcon;
				ASSETCATALOG_COMPILER_GLOBAL_ACCENT_COLOR_NAME = AccentColor;
				CODE_SIGN_ENTITLEMENTS = FlickrFinder/Resources/FlickrFinder.entitlements;
				CODE_SIGN_STYLE = Automatic;
				CURRENT_PROJECT_VERSION = 1;
				DEVELOPMENT_ASSET_PATHS = "\"FlickrFinder/Preview Content\"";
				ENABLE_PREVIEWS = YES;
				GENERATE_INFOPLIST_FILE = YES;
				"INFOPLIST_KEY_UIApplicationSceneManifest_Generation[sdk=iphoneos*]" = YES;
				"INFOPLIST_KEY_UIApplicationSceneManifest_Generation[sdk=iphonesimulator*]" = YES;
				"INFOPLIST_KEY_UIApplicationSupportsIndirectInputEvents[sdk=iphoneos*]" = YES;
				"INFOPLIST_KEY_UIApplicationSupportsIndirectInputEvents[sdk=iphonesimulator*]" = YES;
				"INFOPLIST_KEY_UILaunchScreen_Generation[sdk=iphoneos*]" = YES;
				"INFOPLIST_KEY_UILaunchScreen_Generation[sdk=iphonesimulator*]" = YES;
				"INFOPLIST_KEY_UIStatusBarStyle[sdk=iphoneos*]" = UIStatusBarStyleDefault;
				"INFOPLIST_KEY_UIStatusBarStyle[sdk=iphonesimulator*]" = UIStatusBarStyleDefault;
				INFOPLIST_KEY_UISupportedInterfaceOrientations_iPad = "UIInterfaceOrientationPortrait UIInterfaceOrientationPortraitUpsideDown UIInterfaceOrientationLandscapeLeft UIInterfaceOrientationLandscapeRight";
				INFOPLIST_KEY_UISupportedInterfaceOrientations_iPhone = "UIInterfaceOrientationPortrait UIInterfaceOrientationLandscapeLeft UIInterfaceOrientationLandscapeRight";
				IPHONEOS_DEPLOYMENT_TARGET = 16.2;
				LD_RUNPATH_SEARCH_PATHS = "@executable_path/Frameworks";
				"LD_RUNPATH_SEARCH_PATHS[sdk=macosx*]" = "@executable_path/../Frameworks";
				MACOSX_DEPLOYMENT_TARGET = 12.6;
				MARKETING_VERSION = 1.0;
				PRODUCT_BUNDLE_IDENTIFIER = OwnMac.FlickrFinder;
				PRODUCT_NAME = "$(TARGET_NAME)";
				SDKROOT = auto;
				SUPPORTED_PLATFORMS = "iphoneos iphonesimulator macosx";
				SWIFT_EMIT_LOC_STRINGS = YES;
				SWIFT_VERSION = 5.0;
				TARGETED_DEVICE_FAMILY = "1,2";
			};
			name = Debug;
		};
		7439711C29AA5A2500B38FCA /* Release */ = {
			isa = XCBuildConfiguration;
			buildSettings = {
				ASSETCATALOG_COMPILER_APPICON_NAME = AppIcon;
				ASSETCATALOG_COMPILER_GLOBAL_ACCENT_COLOR_NAME = AccentColor;
				CODE_SIGN_ENTITLEMENTS = FlickrFinder/Resources/FlickrFinder.entitlements;
				CODE_SIGN_STYLE = Automatic;
				CURRENT_PROJECT_VERSION = 1;
				DEVELOPMENT_ASSET_PATHS = "\"FlickrFinder/Preview Content\"";
				ENABLE_PREVIEWS = YES;
				GENERATE_INFOPLIST_FILE = YES;
				"INFOPLIST_KEY_UIApplicationSceneManifest_Generation[sdk=iphoneos*]" = YES;
				"INFOPLIST_KEY_UIApplicationSceneManifest_Generation[sdk=iphonesimulator*]" = YES;
				"INFOPLIST_KEY_UIApplicationSupportsIndirectInputEvents[sdk=iphoneos*]" = YES;
				"INFOPLIST_KEY_UIApplicationSupportsIndirectInputEvents[sdk=iphonesimulator*]" = YES;
				"INFOPLIST_KEY_UILaunchScreen_Generation[sdk=iphoneos*]" = YES;
				"INFOPLIST_KEY_UILaunchScreen_Generation[sdk=iphonesimulator*]" = YES;
				"INFOPLIST_KEY_UIStatusBarStyle[sdk=iphoneos*]" = UIStatusBarStyleDefault;
				"INFOPLIST_KEY_UIStatusBarStyle[sdk=iphonesimulator*]" = UIStatusBarStyleDefault;
				INFOPLIST_KEY_UISupportedInterfaceOrientations_iPad = "UIInterfaceOrientationPortrait UIInterfaceOrientationPortraitUpsideDown UIInterfaceOrientationLandscapeLeft UIInterfaceOrientationLandscapeRight";
				INFOPLIST_KEY_UISupportedInterfaceOrientations_iPhone = "UIInterfaceOrientationPortrait UIInterfaceOrientationLandscapeLeft UIInterfaceOrientationLandscapeRight";
				IPHONEOS_DEPLOYMENT_TARGET = 16.2;
				LD_RUNPATH_SEARCH_PATHS = "@executable_path/Frameworks";
				"LD_RUNPATH_SEARCH_PATHS[sdk=macosx*]" = "@executable_path/../Frameworks";
				MACOSX_DEPLOYMENT_TARGET = 12.6;
				MARKETING_VERSION = 1.0;
				PRODUCT_BUNDLE_IDENTIFIER = OwnMac.FlickrFinder;
				PRODUCT_NAME = "$(TARGET_NAME)";
				SDKROOT = auto;
				SUPPORTED_PLATFORMS = "iphoneos iphonesimulator macosx";
				SWIFT_EMIT_LOC_STRINGS = YES;
				SWIFT_VERSION = 5.0;
				TARGETED_DEVICE_FAMILY = "1,2";
			};
			name = Release;
		};
		7439711E29AA5A2500B38FCA /* Debug */ = {
			isa = XCBuildConfiguration;
			buildSettings = {
				ALWAYS_EMBED_SWIFT_STANDARD_LIBRARIES = YES;
				BUNDLE_LOADER = "$(TEST_HOST)";
				CODE_SIGN_STYLE = Automatic;
				CURRENT_PROJECT_VERSION = 1;
				GENERATE_INFOPLIST_FILE = YES;
				IPHONEOS_DEPLOYMENT_TARGET = 16.2;
				MACOSX_DEPLOYMENT_TARGET = 12.6;
				MARKETING_VERSION = 1.0;
				PRODUCT_BUNDLE_IDENTIFIER = OwnMac.FlickrFinderTests;
				PRODUCT_NAME = "$(TARGET_NAME)";
				SDKROOT = auto;
				SUPPORTED_PLATFORMS = "iphoneos iphonesimulator macosx";
				SWIFT_EMIT_LOC_STRINGS = NO;
				SWIFT_VERSION = 5.0;
				TARGETED_DEVICE_FAMILY = "1,2";
				TEST_HOST = "$(BUILT_PRODUCTS_DIR)/FlickrFinder.app/$(BUNDLE_EXECUTABLE_FOLDER_PATH)/FlickrFinder";
			};
			name = Debug;
		};
		7439711F29AA5A2500B38FCA /* Release */ = {
			isa = XCBuildConfiguration;
			buildSettings = {
				ALWAYS_EMBED_SWIFT_STANDARD_LIBRARIES = YES;
				BUNDLE_LOADER = "$(TEST_HOST)";
				CODE_SIGN_STYLE = Automatic;
				CURRENT_PROJECT_VERSION = 1;
				GENERATE_INFOPLIST_FILE = YES;
				IPHONEOS_DEPLOYMENT_TARGET = 16.2;
				MACOSX_DEPLOYMENT_TARGET = 12.6;
				MARKETING_VERSION = 1.0;
				PRODUCT_BUNDLE_IDENTIFIER = OwnMac.FlickrFinderTests;
				PRODUCT_NAME = "$(TARGET_NAME)";
				SDKROOT = auto;
				SUPPORTED_PLATFORMS = "iphoneos iphonesimulator macosx";
				SWIFT_EMIT_LOC_STRINGS = NO;
				SWIFT_VERSION = 5.0;
				TARGETED_DEVICE_FAMILY = "1,2";
				TEST_HOST = "$(BUILT_PRODUCTS_DIR)/FlickrFinder.app/$(BUNDLE_EXECUTABLE_FOLDER_PATH)/FlickrFinder";
			};
			name = Release;
		};
		7439712129AA5A2500B38FCA /* Debug */ = {
			isa = XCBuildConfiguration;
			buildSettings = {
				ALWAYS_EMBED_SWIFT_STANDARD_LIBRARIES = YES;
				CODE_SIGN_STYLE = Automatic;
				CURRENT_PROJECT_VERSION = 1;
				GENERATE_INFOPLIST_FILE = YES;
				IPHONEOS_DEPLOYMENT_TARGET = 16.2;
				MACOSX_DEPLOYMENT_TARGET = 12.6;
				MARKETING_VERSION = 1.0;
				PRODUCT_BUNDLE_IDENTIFIER = OwnMac.FlickrFinderUITests;
				PRODUCT_NAME = "$(TARGET_NAME)";
				SDKROOT = auto;
				SUPPORTED_PLATFORMS = "iphoneos iphonesimulator macosx";
				SWIFT_EMIT_LOC_STRINGS = NO;
				SWIFT_VERSION = 5.0;
				TARGETED_DEVICE_FAMILY = "1,2";
				TEST_TARGET_NAME = FlickrFinder;
			};
			name = Debug;
		};
		7439712229AA5A2500B38FCA /* Release */ = {
			isa = XCBuildConfiguration;
			buildSettings = {
				ALWAYS_EMBED_SWIFT_STANDARD_LIBRARIES = YES;
				CODE_SIGN_STYLE = Automatic;
				CURRENT_PROJECT_VERSION = 1;
				GENERATE_INFOPLIST_FILE = YES;
				IPHONEOS_DEPLOYMENT_TARGET = 16.2;
				MACOSX_DEPLOYMENT_TARGET = 12.6;
				MARKETING_VERSION = 1.0;
				PRODUCT_BUNDLE_IDENTIFIER = OwnMac.FlickrFinderUITests;
				PRODUCT_NAME = "$(TARGET_NAME)";
				SDKROOT = auto;
				SUPPORTED_PLATFORMS = "iphoneos iphonesimulator macosx";
				SWIFT_EMIT_LOC_STRINGS = NO;
				SWIFT_VERSION = 5.0;
				TARGETED_DEVICE_FAMILY = "1,2";
				TEST_TARGET_NAME = FlickrFinder;
			};
			name = Release;
		};
/* End XCBuildConfiguration section */

/* Begin XCConfigurationList section */
		743970F029AA5A2500B38FCA /* Build configuration list for PBXProject "FlickrFinder" */ = {
			isa = XCConfigurationList;
			buildConfigurations = (
				7439711829AA5A2500B38FCA /* Debug */,
				7439711929AA5A2500B38FCA /* Release */,
			);
			defaultConfigurationIsVisible = 0;
			defaultConfigurationName = Release;
		};
		7439711A29AA5A2500B38FCA /* Build configuration list for PBXNativeTarget "FlickrFinder" */ = {
			isa = XCConfigurationList;
			buildConfigurations = (
				7439711B29AA5A2500B38FCA /* Debug */,
				7439711C29AA5A2500B38FCA /* Release */,
			);
			defaultConfigurationIsVisible = 0;
			defaultConfigurationName = Release;
		};
		7439711D29AA5A2500B38FCA /* Build configuration list for PBXNativeTarget "FlickrFinderTests" */ = {
			isa = XCConfigurationList;
			buildConfigurations = (
				7439711E29AA5A2500B38FCA /* Debug */,
				7439711F29AA5A2500B38FCA /* Release */,
			);
			defaultConfigurationIsVisible = 0;
			defaultConfigurationName = Release;
		};
		7439712029AA5A2500B38FCA /* Build configuration list for PBXNativeTarget "FlickrFinderUITests" */ = {
			isa = XCConfigurationList;
			buildConfigurations = (
				7439712129AA5A2500B38FCA /* Debug */,
				7439712229AA5A2500B38FCA /* Release */,
			);
			defaultConfigurationIsVisible = 0;
			defaultConfigurationName = Release;
		};
/* End XCConfigurationList section */
	};
	rootObject = 743970ED29AA5A2500B38FCA /* Project object */;
}
